
Microsoft Visual Studio Solution File, Format Version 12.00
# Visual Studio Version 17
VisualStudioVersion = 17.9.34607.119
MinimumVisualStudioVersion = 10.0.40219.1
Project("{9A19103F-16F7-4668-BE54-9A1E7A4F7556}") = "UI", "SS2024-TourPlanner\UI.csproj", "{EB585AC5-A608-4EEE-86BF-CDFA0475A60D}"
EndProject
Project("{FAE04EC0-301F-11D3-BF4B-00C04F79EFBC}") = "Business", "Business\Business.csproj", "{EAA631C6-65C9-4070-B0FA-47D26A251141}"
EndProject
Project("{FAE04EC0-301F-11D3-BF4B-00C04F79EFBC}") = "DataAccess", "DataAccess\DataAccess.csproj", "{270A0833-40F2-45C9-A24B-A54F362E501D}"
EndProject
Global
	GlobalSection(SolutionConfigurationPlatforms) = preSolution
		Debug|Any CPU = Debug|Any CPU
		Release|Any CPU = Release|Any CPU
	EndGlobalSection
	GlobalSection(ProjectConfigurationPlatforms) = postSolution
		{EB585AC5-A608-4EEE-86BF-CDFA0475A60D}.Debug|Any CPU.ActiveCfg = Debug|Any CPU
		{EB585AC5-A608-4EEE-86BF-CDFA0475A60D}.Debug|Any CPU.Build.0 = Debug|Any CPU
		{EB585AC5-A608-4EEE-86BF-CDFA0475A60D}.Release|Any CPU.ActiveCfg = Release|Any CPU
		{EB585AC5-A608-4EEE-86BF-CDFA0475A60D}.Release|Any CPU.Build.0 = Release|Any CPU
		{EAA631C6-65C9-4070-B0FA-47D26A251141}.Debug|Any CPU.ActiveCfg = Debug|Any CPU
		{EAA631C6-65C9-4070-B0FA-47D26A251141}.Debug|Any CPU.Build.0 = Debug|Any CPU
		{EAA631C6-65C9-4070-B0FA-47D26A251141}.Release|Any CPU.ActiveCfg = Release|Any CPU
		{EAA631C6-65C9-4070-B0FA-47D26A251141}.Release|Any CPU.Build.0 = Release|Any CPU
		{270A0833-40F2-45C9-A24B-A54F362E501D}.Debug|Any CPU.ActiveCfg = Debug|Any CPU
		{270A0833-40F2-45C9-A24B-A54F362E501D}.Debug|Any CPU.Build.0 = Debug|Any CPU
		{270A0833-40F2-45C9-A24B-A54F362E501D}.Release|Any CPU.ActiveCfg = Release|Any CPU
		{270A0833-40F2-45C9-A24B-A54F362E501D}.Release|Any CPU.Build.0 = Release|Any CPU
	EndGlobalSection
	GlobalSection(SolutionProperties) = preSolution
		HideSolutionNode = FALSE
	EndGlobalSection
	GlobalSection(ExtensibilityGlobals) = postSolution
		SolutionGuid = {A067C91E-DF9B-422F-A0AC-9E154F5D864D}
	EndGlobalSection
EndGlobal
